
Microsoft Visual Studio Solution File, Format Version 12.00
# Visual Studio Version 16
VisualStudioVersion = 16.0.30907.101
MinimumVisualStudioVersion = 10.0.40219.1
Project("{FAE04EC0-301F-11D3-BF4B-00C04F79EFBC}") = "iProcessHelper", "iProcessHelper\iProcessHelper_NetCore.csproj", "{0689C115-3926-4F77-89F7-ED2A20B3CF50}"
EndProject
Global
	GlobalSection(SolutionConfigurationPlatforms) = preSolution
		Debug|Any CPU = Debug|Any CPU
		Release|Any CPU = Release|Any CPU
	EndGlobalSection
	GlobalSection(ProjectConfigurationPlatforms) = postSolution
		{0689C115-3926-4F77-89F7-ED2A20B3CF50}.Debug|Any CPU.ActiveCfg = Debug|Any CPU
		{0689C115-3926-4F77-89F7-ED2A20B3CF50}.Debug|Any CPU.Build.0 = Debug|Any CPU
		{0689C115-3926-4F77-89F7-ED2A20B3CF50}.Release|Any CPU.ActiveCfg = Release|Any CPU
		{0689C115-3926-4F77-89F7-ED2A20B3CF50}.Release|Any CPU.Build.0 = Release|Any CPU
	EndGlobalSection
	GlobalSection(SolutionProperties) = preSolution
		HideSolutionNode = FALSE
	EndGlobalSection
	GlobalSection(ExtensibilityGlobals) = postSolution
		SolutionGuid = {D435D81C-1E2F-400E-9A21-EB6E26C6D2DB}
	EndGlobalSection
EndGlobal
